
Microsoft Visual Studio Solution File, Format Version 12.00
# Visual Studio Version 17
VisualStudioVersion = 17.13.35825.156 d17.13
MinimumVisualStudioVersion = 10.0.40219.1
Project("{8BC9CEB8-8B4A-11D0-8D11-00A0C91BC942}") = "20250415멀티미디어프로그래밍시험", "20250415멀티미디어프로그래밍시험\20250415멀티미디어프로그래밍시험.vcxproj", "{39908D51-8CA3-4EF6-B70B-17D629B24E3D}"
EndProject
Global
	GlobalSection(SolutionConfigurationPlatforms) = preSolution
		Debug|x64 = Debug|x64
		Debug|x86 = Debug|x86
		Release|x64 = Release|x64
		Release|x86 = Release|x86
	EndGlobalSection
	GlobalSection(ProjectConfigurationPlatforms) = postSolution
		{39908D51-8CA3-4EF6-B70B-17D629B24E3D}.Debug|x64.ActiveCfg = Debug|x64
		{39908D51-8CA3-4EF6-B70B-17D629B24E3D}.Debug|x64.Build.0 = Debug|x64
		{39908D51-8CA3-4EF6-B70B-17D629B24E3D}.Debug|x86.ActiveCfg = Debug|Win32
		{39908D51-8CA3-4EF6-B70B-17D629B24E3D}.Debug|x86.Build.0 = Debug|Win32
		{39908D51-8CA3-4EF6-B70B-17D629B24E3D}.Release|x64.ActiveCfg = Release|x64
		{39908D51-8CA3-4EF6-B70B-17D629B24E3D}.Release|x64.Build.0 = Release|x64
		{39908D51-8CA3-4EF6-B70B-17D629B24E3D}.Release|x86.ActiveCfg = Release|Win32
		{39908D51-8CA3-4EF6-B70B-17D629B24E3D}.Release|x86.Build.0 = Release|Win32
	EndGlobalSection
	GlobalSection(SolutionProperties) = preSolution
		HideSolutionNode = FALSE
	EndGlobalSection
	GlobalSection(ExtensibilityGlobals) = postSolution
		SolutionGuid = {56045899-8554-4EDB-ABEF-178C800F571F}
	EndGlobalSection
EndGlobal
